// !$*UTF8*$!
{
	archiveVersion = 1;
	classes = {
	};
	objectVersion = 46;
	objects = {

/* Begin PBXBuildFile section */
		ABD027CF1AA0AD0500CA3487 /* main.m in Sources */ = {isa = PBXBuildFile; fileRef = ABD027CE1AA0AD0500CA3487 /* main.m */; };
		ABD027D71AA0AD6400CA3487 /* Loon.m in Sources */ = {isa = PBXBuildFile; fileRef = ABD027D61AA0AD6400CA3487 /* Loon.m */; };
		ABD027DA1AA0AE7900CA3487 /* Mum.m in Sources */ = {isa = PBXBuildFile; fileRef = ABD027D91AA0AE7900CA3487 /* Mum.m */; };
/* End PBXBuildFile section */

/* Begin PBXCopyFilesBuildPhase section */
		ABD027C91AA0AD0500CA3487 /* CopyFiles */ = {
			isa = PBXCopyFilesBuildPhase;
			buildActionMask = 2147483647;
			dstPath = /usr/share/man/man1/;
			dstSubfolderSpec = 0;
			files = (
			);
			runOnlyForDeploymentPostprocessing = 1;
		};
/* End PBXCopyFilesBuildPhase section */

/* Begin PBXFileReference section */
		ABD027CB1AA0AD0500CA3487 /* Proxy */ = {isa = PBXFileReference; explicitFileType = "compiled.mach-o.executable"; includeInIndex = 0; path = Proxy; sourceTree = BUILT_PRODUCTS_DIR; };
		ABD027CE1AA0AD0500CA3487 /* main.m */ = {isa = PBXFileReference; lastKnownFileType = sourcecode.c.objc; path = main.m; sourceTree = "<group>"; };
		ABD027D51AA0AD6400CA3487 /* Loon.h */ = {isa = PBXFileReference; fileEncoding = 4; lastKnownFileType = sourcecode.c.h; path = Loon.h; sourceTree = "<group>"; };
		ABD027D61AA0AD6400CA3487 /* Loon.m */ = {isa = PBXFileReference; fileEncoding = 4; lastKnownFileType = sourcecode.c.objc; path = Loon.m; sourceTree = "<group>"; };
		ABD027D81AA0AE7900CA3487 /* Mum.h */ = {isa = PBXFileReference; fileEncoding = 4; lastKnownFileType = sourcecode.c.h; path = Mum.h; sourceTree = "<group>"; };
		ABD027D91AA0AE7900CA3487 /* Mum.m */ = {isa = PBXFileReference; fileEncoding = 4; lastKnownFileType = sourcecode.c.objc; path = Mum.m; sourceTree = "<group>"; };
/* End PBXFileReference section */

/* Begin PBXFrameworksBuildPhase section */
		ABD027C81AA0AD0500CA3487 /* Frameworks */ = {
			isa = PBXFrameworksBuildPhase;
			buildActionMask = 2147483647;
			files = (
			);
			runOnlyForDeploymentPostprocessing = 0;
		};
/* End PBXFrameworksBuildPhase section */

/* Begin PBXGroup section */
		ABD027C21AA0AD0500CA3487 = {
			isa = PBXGroup;
			children = (
				ABD027CD1AA0AD0500CA3487 /* Proxy */,
				ABD027CC1AA0AD0500CA3487 /* Products */,
			);
			sourceTree = "<group>";
		};
		ABD027CC1AA0AD0500CA3487 /* Products */ = {
			isa = PBXGroup;
			children = (
				ABD027CB1AA0AD0500CA3487 /* Proxy */,
			);
			name = Products;
			sourceTree = "<group>";
		};
		ABD027CD1AA0AD0500CA3487 /* Proxy */ = {
			isa = PBXGroup;
			children = (
				ABD027CE1AA0AD0500CA3487 /* main.m */,
				ABD027D51AA0AD6400CA3487 /* Loon.h */,
				ABD027D61AA0AD6400CA3487 /* Loon.m */,
				ABD027D81AA0AE7900CA3487 /* Mum.h */,
				ABD027D91AA0AE7900CA3487 /* Mum.m */,
			);
			path = Proxy;
			sourceTree = "<group>";
		};
/* End PBXGroup section */

/* Begin PBXNativeTarget section */
		ABD027CA1AA0AD0500CA3487 /* Proxy */ = {
			isa = PBXNativeTarget;
			buildConfigurationList = ABD027D21AA0AD0500CA3487 /* Build configuration list for PBXNativeTarget "Proxy" */;
			buildPhases = (
				ABD027C71AA0AD0500CA3487 /* Sources */,
				ABD027C81AA0AD0500CA3487 /* Frameworks */,
				ABD027C91AA0AD0500CA3487 /* CopyFiles */,
			);
			buildRules = (
			);
			dependencies = (
			);
			name = Proxy;
			productName = Proxy;
			productReference = ABD027CB1AA0AD0500CA3487 /* Proxy */;
			productType = "com.apple.product-type.tool";
		};
/* End PBXNativeTarget section */

/* Begin PBXProject section */
		ABD027C31AA0AD0500CA3487 /* Project object */ = {
			isa = PBXProject;
			attributes = {
				LastUpgradeCheck = 0610;
				ORGANIZATIONNAME = Nihility;
				TargetAttributes = {
					ABD027CA1AA0AD0500CA3487 = {
						CreatedOnToolsVersion = 6.1.1;
					};
				};
			};
			buildConfigurationList = ABD027C61AA0AD0500CA3487 /* Build configuration list for PBXProject "Proxy" */;
			compatibilityVersion = "Xcode 3.2";
			developmentRegion = English;
			hasScannedForEncodings = 0;
			knownRegions = (
				en,
			);
			mainGroup = ABD027C21AA0AD0500CA3487;
			productRefGroup = ABD027CC1AA0AD0500CA3487 /* Products */;
			projectDirPath = "";
			projectRoot = "";
			targets = (
				ABD027CA1AA0AD0500CA3487 /* Proxy */,
			);
		};
/* End PBXProject section */

/* Begin PBXSourcesBuildPhase section */
		ABD027C71AA0AD0500CA3487 /* Sources */ = {
			isa = PBXSourcesBuildPhase;
			buildActionMask = 2147483647;
			files = (
				ABD027DA1AA0AE7900CA3487 /* Mum.m in Sources */,
				ABD027CF1AA0AD0500CA3487 /* main.m in Sources */,
				ABD027D71AA0AD6400CA3487 /* Loon.m in Sources */,
			);
			runOnlyForDeploymentPostprocessing = 0;
		};
/* End PBXSourcesBuildPhase section */

/* Begin XCBuildConfiguration section */
		ABD027D01AA0AD0500CA3487 /* Debug */ = {
			isa = XCBuildConfiguration;
			buildSettings = {
				ALWAYS_SEARCH_USER_PATHS = NO;
				CLANG_CXX_LANGUAGE_STANDARD = "gnu++0x";
				CLANG_CXX_LIBRARY = "libc++";
				CLANG_ENABLE_MODULES = YES;
				CLANG_ENABLE_OBJC_ARC = YES;
				CLANG_WARN_BOOL_CONVERSION = YES;
				CLANG_WARN_CONSTANT_CONVERSION = YES;
				CLANG_WARN_DIRECT_OBJC_ISA_USAGE = YES_ERROR;
				CLANG_WARN_EMPTY_BODY = YES;
				CLANG_WARN_ENUM_CONVERSION = YES;
				CLANG_WARN_INT_CONVERSION = YES;
				CLANG_WARN_OBJC_ROOT_CLASS = YES_ERROR;
				CLANG_WARN_UNREACHABLE_CODE = YES;
				CLANG_WARN__DUPLICATE_METHOD_MATCH = YES;
				COPY_PHASE_STRIP = NO;
				ENABLE_STRICT_OBJC_MSGSEND = YES;
				GCC_C_LANGUAGE_STANDARD = gnu99;
				GCC_DYNAMIC_NO_PIC = NO;
				GCC_OPTIMIZATION_LEVEL = 0;
				GCC_PREPROCESSOR_DEFINITIONS = (
					"DEBUG=1",
					"$(inherited)",
				);
				GCC_SYMBOLS_PRIVATE_EXTERN = NO;
				GCC_WARN_64_TO_32_BIT_CONVERSION = YES;
				GCC_WARN_ABOUT_RETURN_TYPE = YES_ERROR;
				GCC_WARN_UNDECLARED_SELECTOR = YES;
				GCC_WARN_UNINITIALIZED_AUTOS = YES_AGGRESSIVE;
				GCC_WARN_UNUSED_FUNCTION = YES;
				GCC_WARN_UNUSED_VARIABLE = YES;
				MACOSX_DEPLOYMENT_TARGET = 10.10;
				MTL_ENABLE_DEBUG_INFO = YES;
				ONLY_ACTIVE_ARCH = YES;
				SDKROOT = macosx;
			};
			name = Debug;
		};
		ABD027D11AA0AD0500CA3487 /* Release */ = {
			isa = XCBuildConfiguration;
			buildSettings = {
				ALWAYS_SEARCH_USER_PATHS = NO;
				CLANG_CXX_LANGUAGE_STANDARD = "gnu++0x";
				CLANG_CXX_LIBRARY = "libc++";
				CLANG_ENABLE_MODULES = YES;
				CLANG_ENABLE_OBJC_ARC = YES;
				CLANG_WARN_BOOL_CONVERSION = YES;
				CLANG_WARN_CONSTANT_CONVERSION = YES;
				CLANG_WARN_DIRECT_OBJC_ISA_USAGE = YES_ERROR;
				CLANG_WARN_EMPTY_BODY = YES;
				CLANG_WARN_ENUM_CONVERSION = YES;
				CLANG_WARN_INT_CONVERSION = YES;
				CLANG_WARN_OBJC_ROOT_CLASS = YES_ERROR;
				CLANG_WARN_UNREACHABLE_CODE = YES;
				CLANG_WARN__DUPLICATE_METHOD_MATCH = YES;
				COPY_PHASE_STRIP = YES;
				DEBUG_INFORMATION_FORMAT = "dwarf-with-dsym";
				ENABLE_NS_ASSERTIONS = NO;
				ENABLE_STRICT_OBJC_MSGSEND = YES;
				GCC_C_LANGUAGE_STANDARD = gnu99;
				GCC_WARN_64_TO_32_BIT_CONVERSION = YES;
				GCC_WARN_ABOUT_RETURN_TYPE = YES_ERROR;
				GCC_WARN_UNDECLARED_SELECTOR = YES;
				GCC_WARN_UNINITIALIZED_AUTOS = YES_AGGRESSIVE;
				GCC_WARN_UNUSED_FUNCTION = YES;
				GCC_WARN_UNUSED_VARIABLE = YES;
				MACOSX_DEPLOYMENT_TARGET = 10.10;
				MTL_ENABLE_DEBUG_INFO = NO;
				SDKROOT = macosx;
			};
			name = Release;
		};
		ABD027D31AA0AD0500CA3487 /* Debug */ = {
			isa = XCBuildConfiguration;
			buildSettings = {
				PRODUCT_NAME = "$(TARGET_NAME)";
			};
			name = Debug;
		};
		ABD027D41AA0AD0500CA3487 /* Release */ = {
			isa = XCBuildConfiguration;
			buildSettings = {
				PRODUCT_NAME = "$(TARGET_NAME)";
			};
			name = Release;
		};
/* End XCBuildConfiguration section */

/* Begin XCConfigurationList section */
		ABD027C61AA0AD0500CA3487 /* Build configuration list for PBXProject "Proxy" */ = {
			isa = XCConfigurationList;
			buildConfigurations = (
				ABD027D01AA0AD0500CA3487 /* Debug */,
				ABD027D11AA0AD0500CA3487 /* Release */,
			);
			defaultConfigurationIsVisible = 0;
			defaultConfigurationName = Release;
		};
		ABD027D21AA0AD0500CA3487 /* Build configuration list for PBXNativeTarget "Proxy" */ = {
			isa = XCConfigurationList;
			buildConfigurations = (
				ABD027D31AA0AD0500CA3487 /* Debug */,
				ABD027D41AA0AD0500CA3487 /* Release */,
			);
			defaultConfigurationIsVisible = 0;
		};
/* End XCConfigurationList section */
	};
	rootObject = ABD027C31AA0AD0500CA3487 /* Project object */;
}
