// !$*UTF8*$!
{
	archiveVersion = 1;
	classes = {
	};
	objectVersion = 46;
	objects = {

/* Begin PBXBuildFile section */
		ABC61D891A9DA4B60045016C /* main.m in Sources */ = {isa = PBXBuildFile; fileRef = ABC61D881A9DA4B60045016C /* main.m */; };
		ABC61D911A9DA5430045016C /* Role.m in Sources */ = {isa = PBXBuildFile; fileRef = ABC61D901A9DA5430045016C /* Role.m */; };
		ABC61D941A9DA5B60045016C /* Memento.m in Sources */ = {isa = PBXBuildFile; fileRef = ABC61D931A9DA5B60045016C /* Memento.m */; };
		ABC61D971A9DA7340045016C /* Caretaker.m in Sources */ = {isa = PBXBuildFile; fileRef = ABC61D961A9DA7340045016C /* Caretaker.m */; };
/* End PBXBuildFile section */

/* Begin PBXCopyFilesBuildPhase section */
		ABC61D831A9DA4B50045016C /* CopyFiles */ = {
			isa = PBXCopyFilesBuildPhase;
			buildActionMask = 2147483647;
			dstPath = /usr/share/man/man1/;
			dstSubfolderSpec = 0;
			files = (
			);
			runOnlyForDeploymentPostprocessing = 1;
		};
/* End PBXCopyFilesBuildPhase section */

/* Begin PBXFileReference section */
		ABC61D851A9DA4B60045016C /* Memento */ = {isa = PBXFileReference; explicitFileType = "compiled.mach-o.executable"; includeInIndex = 0; path = Memento; sourceTree = BUILT_PRODUCTS_DIR; };
		ABC61D881A9DA4B60045016C /* main.m */ = {isa = PBXFileReference; lastKnownFileType = sourcecode.c.objc; path = main.m; sourceTree = "<group>"; };
		ABC61D8F1A9DA5430045016C /* Role.h */ = {isa = PBXFileReference; fileEncoding = 4; lastKnownFileType = sourcecode.c.h; path = Role.h; sourceTree = "<group>"; };
		ABC61D901A9DA5430045016C /* Role.m */ = {isa = PBXFileReference; fileEncoding = 4; lastKnownFileType = sourcecode.c.objc; path = Role.m; sourceTree = "<group>"; };
		ABC61D921A9DA5B60045016C /* Memento.h */ = {isa = PBXFileReference; fileEncoding = 4; lastKnownFileType = sourcecode.c.h; path = Memento.h; sourceTree = "<group>"; };
		ABC61D931A9DA5B60045016C /* Memento.m */ = {isa = PBXFileReference; fileEncoding = 4; lastKnownFileType = sourcecode.c.objc; path = Memento.m; sourceTree = "<group>"; };
		ABC61D951A9DA7340045016C /* Caretaker.h */ = {isa = PBXFileReference; fileEncoding = 4; lastKnownFileType = sourcecode.c.h; path = Caretaker.h; sourceTree = "<group>"; };
		ABC61D961A9DA7340045016C /* Caretaker.m */ = {isa = PBXFileReference; fileEncoding = 4; lastKnownFileType = sourcecode.c.objc; path = Caretaker.m; sourceTree = "<group>"; };
/* End PBXFileReference section */

/* Begin PBXFrameworksBuildPhase section */
		ABC61D821A9DA4B50045016C /* Frameworks */ = {
			isa = PBXFrameworksBuildPhase;
			buildActionMask = 2147483647;
			files = (
			);
			runOnlyForDeploymentPostprocessing = 0;
		};
/* End PBXFrameworksBuildPhase section */

/* Begin PBXGroup section */
		ABC61D7C1A9DA4B50045016C = {
			isa = PBXGroup;
			children = (
				ABC61D871A9DA4B60045016C /* Memento */,
				ABC61D861A9DA4B60045016C /* Products */,
			);
			sourceTree = "<group>";
		};
		ABC61D861A9DA4B60045016C /* Products */ = {
			isa = PBXGroup;
			children = (
				ABC61D851A9DA4B60045016C /* Memento */,
			);
			name = Products;
			sourceTree = "<group>";
		};
		ABC61D871A9DA4B60045016C /* Memento */ = {
			isa = PBXGroup;
			children = (
				ABC61D881A9DA4B60045016C /* main.m */,
				ABC61D8F1A9DA5430045016C /* Role.h */,
				ABC61D901A9DA5430045016C /* Role.m */,
				ABC61D921A9DA5B60045016C /* Memento.h */,
				ABC61D931A9DA5B60045016C /* Memento.m */,
				ABC61D951A9DA7340045016C /* Caretaker.h */,
				ABC61D961A9DA7340045016C /* Caretaker.m */,
			);
			path = Memento;
			sourceTree = "<group>";
		};
/* End PBXGroup section */

/* Begin PBXNativeTarget section */
		ABC61D841A9DA4B50045016C /* Memento */ = {
			isa = PBXNativeTarget;
			buildConfigurationList = ABC61D8C1A9DA4B60045016C /* Build configuration list for PBXNativeTarget "Memento" */;
			buildPhases = (
				ABC61D811A9DA4B50045016C /* Sources */,
				ABC61D821A9DA4B50045016C /* Frameworks */,
				ABC61D831A9DA4B50045016C /* CopyFiles */,
			);
			buildRules = (
			);
			dependencies = (
			);
			name = Memento;
			productName = Memento;
			productReference = ABC61D851A9DA4B60045016C /* Memento */;
			productType = "com.apple.product-type.tool";
		};
/* End PBXNativeTarget section */

/* Begin PBXProject section */
		ABC61D7D1A9DA4B50045016C /* Project object */ = {
			isa = PBXProject;
			attributes = {
				LastUpgradeCheck = 0610;
				ORGANIZATIONNAME = Nihility;
				TargetAttributes = {
					ABC61D841A9DA4B50045016C = {
						CreatedOnToolsVersion = 6.1.1;
					};
				};
			};
			buildConfigurationList = ABC61D801A9DA4B50045016C /* Build configuration list for PBXProject "Memento" */;
			compatibilityVersion = "Xcode 3.2";
			developmentRegion = English;
			hasScannedForEncodings = 0;
			knownRegions = (
				en,
			);
			mainGroup = ABC61D7C1A9DA4B50045016C;
			productRefGroup = ABC61D861A9DA4B60045016C /* Products */;
			projectDirPath = "";
			projectRoot = "";
			targets = (
				ABC61D841A9DA4B50045016C /* Memento */,
			);
		};
/* End PBXProject section */

/* Begin PBXSourcesBuildPhase section */
		ABC61D811A9DA4B50045016C /* Sources */ = {
			isa = PBXSourcesBuildPhase;
			buildActionMask = 2147483647;
			files = (
				ABC61D971A9DA7340045016C /* Caretaker.m in Sources */,
				ABC61D891A9DA4B60045016C /* main.m in Sources */,
				ABC61D941A9DA5B60045016C /* Memento.m in Sources */,
				ABC61D911A9DA5430045016C /* Role.m in Sources */,
			);
			runOnlyForDeploymentPostprocessing = 0;
		};
/* End PBXSourcesBuildPhase section */

/* Begin XCBuildConfiguration section */
		ABC61D8A1A9DA4B60045016C /* Debug */ = {
			isa = XCBuildConfiguration;
			buildSettings = {
				ALWAYS_SEARCH_USER_PATHS = NO;
				CLANG_CXX_LANGUAGE_STANDARD = "gnu++0x";
				CLANG_CXX_LIBRARY = "libc++";
				CLANG_ENABLE_MODULES = YES;
				CLANG_ENABLE_OBJC_ARC = YES;
				CLANG_WARN_BOOL_CONVERSION = YES;
				CLANG_WARN_CONSTANT_CONVERSION = YES;
				CLANG_WARN_DIRECT_OBJC_ISA_USAGE = YES_ERROR;
				CLANG_WARN_EMPTY_BODY = YES;
				CLANG_WARN_ENUM_CONVERSION = YES;
				CLANG_WARN_INT_CONVERSION = YES;
				CLANG_WARN_OBJC_ROOT_CLASS = YES_ERROR;
				CLANG_WARN_UNREACHABLE_CODE = YES;
				CLANG_WARN__DUPLICATE_METHOD_MATCH = YES;
				COPY_PHASE_STRIP = NO;
				ENABLE_STRICT_OBJC_MSGSEND = YES;
				GCC_C_LANGUAGE_STANDARD = gnu99;
				GCC_DYNAMIC_NO_PIC = NO;
				GCC_OPTIMIZATION_LEVEL = 0;
				GCC_PREPROCESSOR_DEFINITIONS = (
					"DEBUG=1",
					"$(inherited)",
				);
				GCC_SYMBOLS_PRIVATE_EXTERN = NO;
				GCC_WARN_64_TO_32_BIT_CONVERSION = YES;
				GCC_WARN_ABOUT_RETURN_TYPE = YES_ERROR;
				GCC_WARN_UNDECLARED_SELECTOR = YES;
				GCC_WARN_UNINITIALIZED_AUTOS = YES_AGGRESSIVE;
				GCC_WARN_UNUSED_FUNCTION = YES;
				GCC_WARN_UNUSED_VARIABLE = YES;
				MACOSX_DEPLOYMENT_TARGET = 10.10;
				MTL_ENABLE_DEBUG_INFO = YES;
				ONLY_ACTIVE_ARCH = YES;
				SDKROOT = macosx;
			};
			name = Debug;
		};
		ABC61D8B1A9DA4B60045016C /* Release */ = {
			isa = XCBuildConfiguration;
			buildSettings = {
				ALWAYS_SEARCH_USER_PATHS = NO;
				CLANG_CXX_LANGUAGE_STANDARD = "gnu++0x";
				CLANG_CXX_LIBRARY = "libc++";
				CLANG_ENABLE_MODULES = YES;
				CLANG_ENABLE_OBJC_ARC = YES;
				CLANG_WARN_BOOL_CONVERSION = YES;
				CLANG_WARN_CONSTANT_CONVERSION = YES;
				CLANG_WARN_DIRECT_OBJC_ISA_USAGE = YES_ERROR;
				CLANG_WARN_EMPTY_BODY = YES;
				CLANG_WARN_ENUM_CONVERSION = YES;
				CLANG_WARN_INT_CONVERSION = YES;
				CLANG_WARN_OBJC_ROOT_CLASS = YES_ERROR;
				CLANG_WARN_UNREACHABLE_CODE = YES;
				CLANG_WARN__DUPLICATE_METHOD_MATCH = YES;
				COPY_PHASE_STRIP = YES;
				DEBUG_INFORMATION_FORMAT = "dwarf-with-dsym";
				ENABLE_NS_ASSERTIONS = NO;
				ENABLE_STRICT_OBJC_MSGSEND = YES;
				GCC_C_LANGUAGE_STANDARD = gnu99;
				GCC_WARN_64_TO_32_BIT_CONVERSION = YES;
				GCC_WARN_ABOUT_RETURN_TYPE = YES_ERROR;
				GCC_WARN_UNDECLARED_SELECTOR = YES;
				GCC_WARN_UNINITIALIZED_AUTOS = YES_AGGRESSIVE;
				GCC_WARN_UNUSED_FUNCTION = YES;
				GCC_WARN_UNUSED_VARIABLE = YES;
				MACOSX_DEPLOYMENT_TARGET = 10.10;
				MTL_ENABLE_DEBUG_INFO = NO;
				SDKROOT = macosx;
			};
			name = Release;
		};
		ABC61D8D1A9DA4B60045016C /* Debug */ = {
			isa = XCBuildConfiguration;
			buildSettings = {
				PRODUCT_NAME = "$(TARGET_NAME)";
			};
			name = Debug;
		};
		ABC61D8E1A9DA4B60045016C /* Release */ = {
			isa = XCBuildConfiguration;
			buildSettings = {
				PRODUCT_NAME = "$(TARGET_NAME)";
			};
			name = Release;
		};
/* End XCBuildConfiguration section */

/* Begin XCConfigurationList section */
		ABC61D801A9DA4B50045016C /* Build configuration list for PBXProject "Memento" */ = {
			isa = XCConfigurationList;
			buildConfigurations = (
				ABC61D8A1A9DA4B60045016C /* Debug */,
				ABC61D8B1A9DA4B60045016C /* Release */,
			);
			defaultConfigurationIsVisible = 0;
			defaultConfigurationName = Release;
		};
		ABC61D8C1A9DA4B60045016C /* Build configuration list for PBXNativeTarget "Memento" */ = {
			isa = XCConfigurationList;
			buildConfigurations = (
				ABC61D8D1A9DA4B60045016C /* Debug */,
				ABC61D8E1A9DA4B60045016C /* Release */,
			);
			defaultConfigurationIsVisible = 0;
		};
/* End XCConfigurationList section */
	};
	rootObject = ABC61D7D1A9DA4B50045016C /* Project object */;
}
