// !$*UTF8*$!
{
	archiveVersion = 1;
	classes = {
	};
	objectVersion = 46;
	objects = {

/* Begin PBXBuildFile section */
		AB633B2D1A9B71BE005E51FC /* main.m in Sources */ = {isa = PBXBuildFile; fileRef = AB633B2C1A9B71BE005E51FC /* main.m */; };
		AB633B351A9B7223005E51FC /* TestPaper.m in Sources */ = {isa = PBXBuildFile; fileRef = AB633B341A9B7223005E51FC /* TestPaper.m */; };
		AB633B381A9B7356005E51FC /* BWMPaper.m in Sources */ = {isa = PBXBuildFile; fileRef = AB633B371A9B7356005E51FC /* BWMPaper.m */; };
		AB633B3B1A9B760C005E51FC /* HASPaper.m in Sources */ = {isa = PBXBuildFile; fileRef = AB633B3A1A9B760C005E51FC /* HASPaper.m */; };
/* End PBXBuildFile section */

/* Begin PBXCopyFilesBuildPhase section */
		AB633B271A9B71BE005E51FC /* CopyFiles */ = {
			isa = PBXCopyFilesBuildPhase;
			buildActionMask = 2147483647;
			dstPath = /usr/share/man/man1/;
			dstSubfolderSpec = 0;
			files = (
			);
			runOnlyForDeploymentPostprocessing = 1;
		};
/* End PBXCopyFilesBuildPhase section */

/* Begin PBXFileReference section */
		AB633B291A9B71BE005E51FC /* Templete */ = {isa = PBXFileReference; explicitFileType = "compiled.mach-o.executable"; includeInIndex = 0; path = Templete; sourceTree = BUILT_PRODUCTS_DIR; };
		AB633B2C1A9B71BE005E51FC /* main.m */ = {isa = PBXFileReference; lastKnownFileType = sourcecode.c.objc; path = main.m; sourceTree = "<group>"; };
		AB633B331A9B7223005E51FC /* TestPaper.h */ = {isa = PBXFileReference; fileEncoding = 4; lastKnownFileType = sourcecode.c.h; path = TestPaper.h; sourceTree = "<group>"; };
		AB633B341A9B7223005E51FC /* TestPaper.m */ = {isa = PBXFileReference; fileEncoding = 4; lastKnownFileType = sourcecode.c.objc; path = TestPaper.m; sourceTree = "<group>"; };
		AB633B361A9B7356005E51FC /* BWMPaper.h */ = {isa = PBXFileReference; fileEncoding = 4; lastKnownFileType = sourcecode.c.h; path = BWMPaper.h; sourceTree = "<group>"; };
		AB633B371A9B7356005E51FC /* BWMPaper.m */ = {isa = PBXFileReference; fileEncoding = 4; lastKnownFileType = sourcecode.c.objc; path = BWMPaper.m; sourceTree = "<group>"; };
		AB633B391A9B760C005E51FC /* HASPaper.h */ = {isa = PBXFileReference; fileEncoding = 4; lastKnownFileType = sourcecode.c.h; path = HASPaper.h; sourceTree = "<group>"; };
		AB633B3A1A9B760C005E51FC /* HASPaper.m */ = {isa = PBXFileReference; fileEncoding = 4; lastKnownFileType = sourcecode.c.objc; path = HASPaper.m; sourceTree = "<group>"; };
/* End PBXFileReference section */

/* Begin PBXFrameworksBuildPhase section */
		AB633B261A9B71BE005E51FC /* Frameworks */ = {
			isa = PBXFrameworksBuildPhase;
			buildActionMask = 2147483647;
			files = (
			);
			runOnlyForDeploymentPostprocessing = 0;
		};
/* End PBXFrameworksBuildPhase section */

/* Begin PBXGroup section */
		AB633B201A9B71BE005E51FC = {
			isa = PBXGroup;
			children = (
				AB633B2B1A9B71BE005E51FC /* Templete */,
				AB633B2A1A9B71BE005E51FC /* Products */,
			);
			sourceTree = "<group>";
		};
		AB633B2A1A9B71BE005E51FC /* Products */ = {
			isa = PBXGroup;
			children = (
				AB633B291A9B71BE005E51FC /* Templete */,
			);
			name = Products;
			sourceTree = "<group>";
		};
		AB633B2B1A9B71BE005E51FC /* Templete */ = {
			isa = PBXGroup;
			children = (
				AB633B2C1A9B71BE005E51FC /* main.m */,
				AB633B331A9B7223005E51FC /* TestPaper.h */,
				AB633B341A9B7223005E51FC /* TestPaper.m */,
				AB633B361A9B7356005E51FC /* BWMPaper.h */,
				AB633B371A9B7356005E51FC /* BWMPaper.m */,
				AB633B391A9B760C005E51FC /* HASPaper.h */,
				AB633B3A1A9B760C005E51FC /* HASPaper.m */,
			);
			path = Templete;
			sourceTree = "<group>";
		};
/* End PBXGroup section */

/* Begin PBXNativeTarget section */
		AB633B281A9B71BE005E51FC /* Templete */ = {
			isa = PBXNativeTarget;
			buildConfigurationList = AB633B301A9B71BE005E51FC /* Build configuration list for PBXNativeTarget "Templete" */;
			buildPhases = (
				AB633B251A9B71BE005E51FC /* Sources */,
				AB633B261A9B71BE005E51FC /* Frameworks */,
				AB633B271A9B71BE005E51FC /* CopyFiles */,
			);
			buildRules = (
			);
			dependencies = (
			);
			name = Templete;
			productName = Templete;
			productReference = AB633B291A9B71BE005E51FC /* Templete */;
			productType = "com.apple.product-type.tool";
		};
/* End PBXNativeTarget section */

/* Begin PBXProject section */
		AB633B211A9B71BE005E51FC /* Project object */ = {
			isa = PBXProject;
			attributes = {
				LastUpgradeCheck = 0610;
				ORGANIZATIONNAME = Nihility;
				TargetAttributes = {
					AB633B281A9B71BE005E51FC = {
						CreatedOnToolsVersion = 6.1.1;
					};
				};
			};
			buildConfigurationList = AB633B241A9B71BE005E51FC /* Build configuration list for PBXProject "Templete" */;
			compatibilityVersion = "Xcode 3.2";
			developmentRegion = English;
			hasScannedForEncodings = 0;
			knownRegions = (
				en,
			);
			mainGroup = AB633B201A9B71BE005E51FC;
			productRefGroup = AB633B2A1A9B71BE005E51FC /* Products */;
			projectDirPath = "";
			projectRoot = "";
			targets = (
				AB633B281A9B71BE005E51FC /* Templete */,
			);
		};
/* End PBXProject section */

/* Begin PBXSourcesBuildPhase section */
		AB633B251A9B71BE005E51FC /* Sources */ = {
			isa = PBXSourcesBuildPhase;
			buildActionMask = 2147483647;
			files = (
				AB633B381A9B7356005E51FC /* BWMPaper.m in Sources */,
				AB633B3B1A9B760C005E51FC /* HASPaper.m in Sources */,
				AB633B351A9B7223005E51FC /* TestPaper.m in Sources */,
				AB633B2D1A9B71BE005E51FC /* main.m in Sources */,
			);
			runOnlyForDeploymentPostprocessing = 0;
		};
/* End PBXSourcesBuildPhase section */

/* Begin XCBuildConfiguration section */
		AB633B2E1A9B71BE005E51FC /* Debug */ = {
			isa = XCBuildConfiguration;
			buildSettings = {
				ALWAYS_SEARCH_USER_PATHS = NO;
				CLANG_CXX_LANGUAGE_STANDARD = "gnu++0x";
				CLANG_CXX_LIBRARY = "libc++";
				CLANG_ENABLE_MODULES = YES;
				CLANG_ENABLE_OBJC_ARC = YES;
				CLANG_WARN_BOOL_CONVERSION = YES;
				CLANG_WARN_CONSTANT_CONVERSION = YES;
				CLANG_WARN_DIRECT_OBJC_ISA_USAGE = YES_ERROR;
				CLANG_WARN_EMPTY_BODY = YES;
				CLANG_WARN_ENUM_CONVERSION = YES;
				CLANG_WARN_INT_CONVERSION = YES;
				CLANG_WARN_OBJC_ROOT_CLASS = YES_ERROR;
				CLANG_WARN_UNREACHABLE_CODE = YES;
				CLANG_WARN__DUPLICATE_METHOD_MATCH = YES;
				COPY_PHASE_STRIP = NO;
				ENABLE_STRICT_OBJC_MSGSEND = YES;
				GCC_C_LANGUAGE_STANDARD = gnu99;
				GCC_DYNAMIC_NO_PIC = NO;
				GCC_OPTIMIZATION_LEVEL = 0;
				GCC_PREPROCESSOR_DEFINITIONS = (
					"DEBUG=1",
					"$(inherited)",
				);
				GCC_SYMBOLS_PRIVATE_EXTERN = NO;
				GCC_WARN_64_TO_32_BIT_CONVERSION = YES;
				GCC_WARN_ABOUT_RETURN_TYPE = YES_ERROR;
				GCC_WARN_UNDECLARED_SELECTOR = YES;
				GCC_WARN_UNINITIALIZED_AUTOS = YES_AGGRESSIVE;
				GCC_WARN_UNUSED_FUNCTION = YES;
				GCC_WARN_UNUSED_VARIABLE = YES;
				MACOSX_DEPLOYMENT_TARGET = 10.10;
				MTL_ENABLE_DEBUG_INFO = YES;
				ONLY_ACTIVE_ARCH = YES;
				SDKROOT = macosx;
			};
			name = Debug;
		};
		AB633B2F1A9B71BE005E51FC /* Release */ = {
			isa = XCBuildConfiguration;
			buildSettings = {
				ALWAYS_SEARCH_USER_PATHS = NO;
				CLANG_CXX_LANGUAGE_STANDARD = "gnu++0x";
				CLANG_CXX_LIBRARY = "libc++";
				CLANG_ENABLE_MODULES = YES;
				CLANG_ENABLE_OBJC_ARC = YES;
				CLANG_WARN_BOOL_CONVERSION = YES;
				CLANG_WARN_CONSTANT_CONVERSION = YES;
				CLANG_WARN_DIRECT_OBJC_ISA_USAGE = YES_ERROR;
				CLANG_WARN_EMPTY_BODY = YES;
				CLANG_WARN_ENUM_CONVERSION = YES;
				CLANG_WARN_INT_CONVERSION = YES;
				CLANG_WARN_OBJC_ROOT_CLASS = YES_ERROR;
				CLANG_WARN_UNREACHABLE_CODE = YES;
				CLANG_WARN__DUPLICATE_METHOD_MATCH = YES;
				COPY_PHASE_STRIP = YES;
				DEBUG_INFORMATION_FORMAT = "dwarf-with-dsym";
				ENABLE_NS_ASSERTIONS = NO;
				ENABLE_STRICT_OBJC_MSGSEND = YES;
				GCC_C_LANGUAGE_STANDARD = gnu99;
				GCC_WARN_64_TO_32_BIT_CONVERSION = YES;
				GCC_WARN_ABOUT_RETURN_TYPE = YES_ERROR;
				GCC_WARN_UNDECLARED_SELECTOR = YES;
				GCC_WARN_UNINITIALIZED_AUTOS = YES_AGGRESSIVE;
				GCC_WARN_UNUSED_FUNCTION = YES;
				GCC_WARN_UNUSED_VARIABLE = YES;
				MACOSX_DEPLOYMENT_TARGET = 10.10;
				MTL_ENABLE_DEBUG_INFO = NO;
				SDKROOT = macosx;
			};
			name = Release;
		};
		AB633B311A9B71BE005E51FC /* Debug */ = {
			isa = XCBuildConfiguration;
			buildSettings = {
				PRODUCT_NAME = "$(TARGET_NAME)";
			};
			name = Debug;
		};
		AB633B321A9B71BE005E51FC /* Release */ = {
			isa = XCBuildConfiguration;
			buildSettings = {
				PRODUCT_NAME = "$(TARGET_NAME)";
			};
			name = Release;
		};
/* End XCBuildConfiguration section */

/* Begin XCConfigurationList section */
		AB633B241A9B71BE005E51FC /* Build configuration list for PBXProject "Templete" */ = {
			isa = XCConfigurationList;
			buildConfigurations = (
				AB633B2E1A9B71BE005E51FC /* Debug */,
				AB633B2F1A9B71BE005E51FC /* Release */,
			);
			defaultConfigurationIsVisible = 0;
			defaultConfigurationName = Release;
		};
		AB633B301A9B71BE005E51FC /* Build configuration list for PBXNativeTarget "Templete" */ = {
			isa = XCConfigurationList;
			buildConfigurations = (
				AB633B311A9B71BE005E51FC /* Debug */,
				AB633B321A9B71BE005E51FC /* Release */,
			);
			defaultConfigurationIsVisible = 0;
		};
/* End XCConfigurationList section */
	};
	rootObject = AB633B211A9B71BE005E51FC /* Project object */;
}
